
Microsoft Visual Studio Solution File, Format Version 12.00
# Visual Studio Version 17
VisualStudioVersion = 17.11.35312.102
MinimumVisualStudioVersion = 10.0.40219.1
Project("{9A19103F-16F7-4668-BE54-9A1E7A4F7556}") = "ERP_Components", "ERP_Components.csproj", "{4F490951-4E76-408B-B4F3-D4C500C97A6A}"
EndProject
Project("{FAE04EC0-301F-11D3-BF4B-00C04F79EFBC}") = "ERP_Component_DAL", "..\ERP_Component_DAL\ERP_Component_DAL.csproj", "{0ABCF28E-ECB7-49EB-B4DA-341A998158C1}"
EndProject
Global
	GlobalSection(SolutionConfigurationPlatforms) = preSolution
		Debug|Any CPU = Debug|Any CPU
		Release|Any CPU = Release|Any CPU
	EndGlobalSection
	GlobalSection(ProjectConfigurationPlatforms) = postSolution
		{4F490951-4E76-408B-B4F3-D4C500C97A6A}.Debug|Any CPU.ActiveCfg = Debug|Any CPU
		{4F490951-4E76-408B-B4F3-D4C500C97A6A}.Debug|Any CPU.Build.0 = Debug|Any CPU
		{4F490951-4E76-408B-B4F3-D4C500C97A6A}.Release|Any CPU.ActiveCfg = Release|Any CPU
		{4F490951-4E76-408B-B4F3-D4C500C97A6A}.Release|Any CPU.Build.0 = Release|Any CPU
		{0ABCF28E-ECB7-49EB-B4DA-341A998158C1}.Debug|Any CPU.ActiveCfg = Debug|Any CPU
		{0ABCF28E-ECB7-49EB-B4DA-341A998158C1}.Debug|Any CPU.Build.0 = Debug|Any CPU
		{0ABCF28E-ECB7-49EB-B4DA-341A998158C1}.Release|Any CPU.ActiveCfg = Release|Any CPU
		{0ABCF28E-ECB7-49EB-B4DA-341A998158C1}.Release|Any CPU.Build.0 = Release|Any CPU
	EndGlobalSection
	GlobalSection(SolutionProperties) = preSolution
		HideSolutionNode = FALSE
	EndGlobalSection
	GlobalSection(ExtensibilityGlobals) = postSolution
		SolutionGuid = {9935E8C4-BCA4-4E87-A77C-9115DFE5BE66}
	EndGlobalSection
EndGlobal
